// !$*UTF8*$!
{
	archiveVersion = 1;
	classes = {};
	objectVersion = 56;
	objects = {

/* Begin PBXBuildFile section */
		A10000000000000000000001 /* DogDesktopPet.swift in Sources */ = {isa = PBXBuildFile; fileRef = A10000000000000000000011 /* DogDesktopPet.swift */; };
		A10000000000000000000002 /* pet-cuddle.png in Resources */ = {isa = PBXBuildFile; fileRef = A10000000000000000000021 /* pet-cuddle.png */; };
		A10000000000000000000003 /* pet-eat.png in Resources */ = {isa = PBXBuildFile; fileRef = A10000000000000000000022 /* pet-eat.png */; };
		A10000000000000000000004 /* pet-idle.png in Resources */ = {isa = PBXBuildFile; fileRef = A10000000000000000000023 /* pet-idle.png */; };
		A10000000000000000000005 /* pet-lie.png in Resources */ = {isa = PBXBuildFile; fileRef = A10000000000000000000024 /* pet-lie.png */; };
		A10000000000000000000006 /* pet-sleep.png in Resources */ = {isa = PBXBuildFile; fileRef = A10000000000000000000025 /* pet-sleep.png */; };
		A10000000000000000000007 /* pet-walk-1.png in Resources */ = {isa = PBXBuildFile; fileRef = A10000000000000000000026 /* pet-walk-1.png */; };
		A10000000000000000000008 /* pet-walk-2.png in Resources */ = {isa = PBXBuildFile; fileRef = A10000000000000000000027 /* pet-walk-2.png */; };
		A10000000000000000000009 /* pet-walk-3.png in Resources */ = {isa = PBXBuildFile; fileRef = A10000000000000000000028 /* pet-walk-3.png */; };
		A1000000000000000000000A /* pet-walk-4.png in Resources */ = {isa = PBXBuildFile; fileRef = A10000000000000000000029 /* pet-walk-4.png */; };
/* End PBXBuildFile section */

/* Begin PBXFileReference section */
		A10000000000000000000011 /* DogDesktopPet.swift */ = {isa = PBXFileReference; lastKnownFileType = sourcecode.swift; path = DogDesktopPet.swift; sourceTree = "<group>"; };
		A10000000000000000000012 /* Info.plist */ = {isa = PBXFileReference; lastKnownFileType = text.plist.xml; path = Info.plist; sourceTree = "<group>"; };
		A10000000000000000000013 /* DogDesktopPet.app */ = {isa = PBXFileReference; explicitFileType = wrapper.application; includeInIndex = 0; path = DogDesktopPet.app; sourceTree = BUILT_PRODUCTS_DIR; };
		A10000000000000000000021 /* pet-cuddle.png */ = {isa = PBXFileReference; lastKnownFileType = image.png; path = "pet-cuddle.png"; sourceTree = "<group>"; };
		A10000000000000000000022 /* pet-eat.png */ = {isa = PBXFileReference; lastKnownFileType = image.png; path = "pet-eat.png"; sourceTree = "<group>"; };
		A10000000000000000000023 /* pet-idle.png */ = {isa = PBXFileReference; lastKnownFileType = image.png; path = "pet-idle.png"; sourceTree = "<group>"; };
		A10000000000000000000024 /* pet-lie.png */ = {isa = PBXFileReference; lastKnownFileType = image.png; path = "pet-lie.png"; sourceTree = "<group>"; };
		A10000000000000000000025 /* pet-sleep.png */ = {isa = PBXFileReference; lastKnownFileType = image.png; path = "pet-sleep.png"; sourceTree = "<group>"; };
		A10000000000000000000026 /* pet-walk-1.png */ = {isa = PBXFileReference; lastKnownFileType = image.png; path = "pet-walk-1.png"; sourceTree = "<group>"; };
		A10000000000000000000027 /* pet-walk-2.png */ = {isa = PBXFileReference; lastKnownFileType = image.png; path = "pet-walk-2.png"; sourceTree = "<group>"; };
		A10000000000000000000028 /* pet-walk-3.png */ = {isa = PBXFileReference; lastKnownFileType = image.png; path = "pet-walk-3.png"; sourceTree = "<group>"; };
		A10000000000000000000029 /* pet-walk-4.png */ = {isa = PBXFileReference; lastKnownFileType = image.png; path = "pet-walk-4.png"; sourceTree = "<group>"; };
/* End PBXFileReference section */

/* Begin PBXGroup section */
		A10000000000000000000031 = {isa = PBXGroup; children = (A10000000000000000000032 /* Sources */, A10000000000000000000033 /* Resources */, A10000000000000000000012 /* Info.plist */, A10000000000000000000034 /* Products */); sourceTree = "<group>"; };
		A10000000000000000000032 /* Sources */ = {isa = PBXGroup; children = (A10000000000000000000011 /* DogDesktopPet.swift */); path = Sources; sourceTree = "<group>"; };
		A10000000000000000000033 /* Resources */ = {isa = PBXGroup; children = (A10000000000000000000021 /* pet-cuddle.png */, A10000000000000000000022 /* pet-eat.png */, A10000000000000000000023 /* pet-idle.png */, A10000000000000000000024 /* pet-lie.png */, A10000000000000000000025 /* pet-sleep.png */, A10000000000000000000026 /* pet-walk-1.png */, A10000000000000000000027 /* pet-walk-2.png */, A10000000000000000000028 /* pet-walk-3.png */, A10000000000000000000029 /* pet-walk-4.png */); path = Resources; sourceTree = "<group>"; };
		A10000000000000000000034 /* Products */ = {isa = PBXGroup; children = (A10000000000000000000013 /* DogDesktopPet.app */); name = Products; sourceTree = "<group>"; };
/* End PBXGroup section */

/* Begin PBXNativeTarget section */
		A10000000000000000000041 /* DogDesktopPet */ = {isa = PBXNativeTarget; buildConfigurationList = A10000000000000000000051 /* Build configuration list for PBXNativeTarget \"DogDesktopPet\" */; buildPhases = (A10000000000000000000042 /* Sources */, A10000000000000000000043 /* Frameworks */, A10000000000000000000044 /* Resources */); buildRules = (); dependencies = (); name = DogDesktopPet; productName = DogDesktopPet; productReference = A10000000000000000000013 /* DogDesktopPet.app */; productType = "com.apple.product-type.application"; };
/* End PBXNativeTarget section */

/* Begin PBXProject section */
		A10000000000000000000061 /* Project object */ = {isa = PBXProject; attributes = {BuildIndependentTargetsInParallel = 1; LastSwiftUpdateCheck = 2660; LastUpgradeCheck = 2660; TargetAttributes = {A10000000000000000000041 = {CreatedOnToolsVersion = 26.6;};};}; buildConfigurationList = A10000000000000000000062 /* Build configuration list for PBXProject \"DogDesktopPet\" */; compatibilityVersion = "Xcode 14.0"; developmentRegion = en; hasScannedForEncodings = 0; knownRegions = (en, Base); mainGroup = A10000000000000000000031; productRefGroup = A10000000000000000000034 /* Products */; projectDirPath = ""; projectRoot = ""; targets = (A10000000000000000000041 /* DogDesktopPet */); };
/* End PBXProject section */

/* Begin PBXResourcesBuildPhase section */
		A10000000000000000000044 /* Resources */ = {isa = PBXResourcesBuildPhase; buildActionMask = 2147483647; files = (A10000000000000000000002 /* pet-cuddle.png in Resources */, A10000000000000000000003 /* pet-eat.png in Resources */, A10000000000000000000004 /* pet-idle.png in Resources */, A10000000000000000000005 /* pet-lie.png in Resources */, A10000000000000000000006 /* pet-sleep.png in Resources */, A10000000000000000000007 /* pet-walk-1.png in Resources */, A10000000000000000000008 /* pet-walk-2.png in Resources */, A10000000000000000000009 /* pet-walk-3.png in Resources */, A1000000000000000000000A /* pet-walk-4.png in Resources */); runOnlyForDeploymentPostprocessing = 0; };
/* End PBXResourcesBuildPhase section */

/* Begin PBXSourcesBuildPhase section */
		A10000000000000000000042 /* Sources */ = {isa = PBXSourcesBuildPhase; buildActionMask = 2147483647; files = (A10000000000000000000001 /* DogDesktopPet.swift in Sources */); runOnlyForDeploymentPostprocessing = 0; };
/* End PBXSourcesBuildPhase section */

/* Begin PBXFrameworksBuildPhase section */
		A10000000000000000000043 /* Frameworks */ = {isa = PBXFrameworksBuildPhase; buildActionMask = 2147483647; files = (); runOnlyForDeploymentPostprocessing = 0; };
/* End PBXFrameworksBuildPhase section */

/* Begin XCBuildConfiguration section */
		A10000000000000000000071 /* Debug */ = {isa = XCBuildConfiguration; buildSettings = {CLANG_ENABLE_MODULES = YES; SWIFT_VERSION = 5.0;}; name = Debug; };
		A10000000000000000000072 /* Release */ = {isa = XCBuildConfiguration; buildSettings = {CLANG_ENABLE_MODULES = YES; SWIFT_COMPILATION_MODE = wholemodule; SWIFT_OPTIMIZATION_LEVEL = "-O"; SWIFT_VERSION = 5.0;}; name = Release; };
		A10000000000000000000073 /* Debug */ = {isa = XCBuildConfiguration; buildSettings = {CODE_SIGN_STYLE = Automatic; CURRENT_PROJECT_VERSION = 1; DEVELOPMENT_TEAM = ""; GENERATE_INFOPLIST_FILE = NO; INFOPLIST_FILE = Info.plist; MACOSX_DEPLOYMENT_TARGET = 13.0; MARKETING_VERSION = 1.0; PRODUCT_BUNDLE_IDENTIFIER = "local.codex.dog-desktop-pet"; PRODUCT_NAME = "$(TARGET_NAME)"; SDKROOT = macosx; SUPPORTED_PLATFORMS = macosx; SWIFT_VERSION = 5.0; }; name = Debug; };
		A10000000000000000000074 /* Release */ = {isa = XCBuildConfiguration; buildSettings = {CODE_SIGN_STYLE = Automatic; CURRENT_PROJECT_VERSION = 1; DEVELOPMENT_TEAM = ""; GENERATE_INFOPLIST_FILE = NO; INFOPLIST_FILE = Info.plist; MACOSX_DEPLOYMENT_TARGET = 13.0; MARKETING_VERSION = 1.0; PRODUCT_BUNDLE_IDENTIFIER = "local.codex.dog-desktop-pet"; PRODUCT_NAME = "$(TARGET_NAME)"; SDKROOT = macosx; SUPPORTED_PLATFORMS = macosx; SWIFT_COMPILATION_MODE = wholemodule; SWIFT_OPTIMIZATION_LEVEL = "-O"; SWIFT_VERSION = 5.0; }; name = Release; };
/* End XCBuildConfiguration section */

/* Begin XCConfigurationList section */
		A10000000000000000000051 /* Build configuration list for PBXNativeTarget \"DogDesktopPet\" */ = {isa = XCConfigurationList; buildConfigurations = (A10000000000000000000073 /* Debug */, A10000000000000000000074 /* Release */); defaultConfigurationIsVisible = 0; defaultConfigurationName = Release; };
		A10000000000000000000062 /* Build configuration list for PBXProject \"DogDesktopPet\" */ = {isa = XCConfigurationList; buildConfigurations = (A10000000000000000000071 /* Debug */, A10000000000000000000072 /* Release */); defaultConfigurationIsVisible = 0; defaultConfigurationName = Release; };
/* End XCConfigurationList section */
	};
	rootObject = A10000000000000000000061 /* Project object */;
}
